
Microsoft Visual Studio Solution File, Format Version 12.00
Project("{FAE04EC0-301F-11D3-BF4B-00C04F79EFBC}") = "FawxGameDigBot", "FawxGameDigBot.csproj", "{FCDD76E9-9F33-4D46-9716-C430F4B8571E}"
EndProject
Project("{2150E333-8FDC-42A3-9474-1A3956D46DE8}") = "Solution Items", "Solution Items", "{60E350B6-5037-443A-8DEE-E1B7D2F78831}"
	ProjectSection(SolutionItems) = preProject
		docker-compose.yml = docker-compose.yml
		.dockerignore = .dockerignore
	EndProjectSection
EndProject
Global
	GlobalSection(SolutionConfigurationPlatforms) = preSolution
		Debug|Any CPU = Debug|Any CPU
		Release|Any CPU = Release|Any CPU
	EndGlobalSection
	GlobalSection(ProjectConfigurationPlatforms) = postSolution
		{FCDD76E9-9F33-4D46-9716-C430F4B8571E}.Debug|Any CPU.ActiveCfg = Debug|Any CPU
		{FCDD76E9-9F33-4D46-9716-C430F4B8571E}.Debug|Any CPU.Build.0 = Debug|Any CPU
		{FCDD76E9-9F33-4D46-9716-C430F4B8571E}.Release|Any CPU.ActiveCfg = Release|Any CPU
		{FCDD76E9-9F33-4D46-9716-C430F4B8571E}.Release|Any CPU.Build.0 = Release|Any CPU
	EndGlobalSection
EndGlobal
